{
  "version": 4,
  "terraform_version": "1.11.4",
  "serial": 608,
  "lineage": "7d82a5dd-cbe5-ebef-458e-ee2a1aa00d09",
  "outputs": {
    "subnet_id": {
      "value": "projects/ehes-gcp-poc/regions/asia-southeast1/subnetworks/private-subnet",
      "type": "string"
    },
    "vpc_id": {
      "value": "projects/ehes-gcp-poc/global/networks/main-vpc",
      "type": "string"
    },
    "vpc_name": {
      "value": "private-subnet",
      "type": "string"
    }
  },
  "resources": [
    {
      "module": "module.firewall",
      "mode": "managed",
      "type": "google_compute_firewall",
      "name": "allow_http_https",
      "provider": "provider[\"registry.terraform.io/hashicorp/google\"]",
      "instances": [
        {
          "schema_version": 1,
          "attributes": {
            "allow": [
              {
                "ports": [
                  "80",
                  "443"
                ],
                "protocol": "tcp"
              }
            ],
            "creation_timestamp": "2025-04-24T20:12:58.483-07:00",
            "deny": [],
            "description": "",
            "destination_ranges": [],
            "direction": "INGRESS",
            "disabled": false,
            "enable_logging": null,
            "id": "projects/ehes-gcp-poc/global/firewalls/allow-http-https",
            "log_config": [],
            "name": "allow-http-https",
            "network": "https://www.googleapis.com/compute/v1/projects/ehes-gcp-poc/global/networks/main-vpc",
            "priority": 1000,
            "project": "ehes-gcp-poc",
            "self_link": "https://www.googleapis.com/compute/v1/projects/ehes-gcp-poc/global/firewalls/allow-http-https",
            "source_ranges": [
              "0.0.0.0/0"
            ],
            "source_service_accounts": [],
            "source_tags": [],
            "target_service_accounts": [],
            "target_tags": [
              "http-server",
              "https-server"
            ],
            "timeouts": null
          },
          "sensitive_attributes": [],
          "private": "eyJlMmJmYjczMC1lY2FhLTExZTYtOGY4OC0zNDM2M2JjN2M0YzAiOnsiY3JlYXRlIjoxMjAwMDAwMDAwMDAwLCJkZWxldGUiOjEyMDAwMDAwMDAwMDAsInVwZGF0ZSI6MTIwMDAwMDAwMDAwMH0sInNjaGVtYV92ZXJzaW9uIjoiMSJ9",
          "dependencies": [
            "module.vpc.google_compute_network.vpc",
            "module.vpc.google_compute_router.router",
            "module.vpc.google_compute_router_nat.nat",
            "module.vpc.google_compute_subnetwork.private_subnet_01",
            "module.vpc.google_compute_subnetwork.private_subnet_02",
            "module.vpc.google_compute_subnetwork.private_subnet_03",
            "module.vpc.google_compute_subnetwork.private_subnet_04",
            "module.vpc.google_compute_subnetwork.private_subnet_05",
            "module.vpc.google_compute_subnetwork.public_subnet"
          ]
        }
      ]
    },
    {
      "module": "module.firewall",
      "mode": "managed",
      "type": "google_compute_firewall",
      "name": "allow_iap_ssh",
      "provider": "provider[\"registry.terraform.io/hashicorp/google\"]",
      "instances": [
        {
          "schema_version": 1,
          "attributes": {
            "allow": [
              {
                "ports": [
                  "22"
                ],
                "protocol": "tcp"
              }
            ],
            "creation_timestamp": "2025-04-24T20:12:58.537-07:00",
            "deny": [],
            "description": "",
            "destination_ranges": [
              "10.0.2.0/24",
              "10.0.3.0/24",
              "10.0.4.0/24",
              "10.0.5.0/24"
            ],
            "direction": "INGRESS",
            "disabled": false,
            "enable_logging": null,
            "id": "projects/ehes-gcp-poc/global/firewalls/allow-iap-ssh",
            "log_config": [],
            "name": "allow-iap-ssh",
            "network": "https://www.googleapis.com/compute/v1/projects/ehes-gcp-poc/global/networks/main-vpc",
            "priority": 1000,
            "project": "ehes-gcp-poc",
            "self_link": "https://www.googleapis.com/compute/v1/projects/ehes-gcp-poc/global/firewalls/allow-iap-ssh",
            "source_ranges": [
              "35.235.240.0/20"
            ],
            "source_service_accounts": [],
            "source_tags": [],
            "target_service_accounts": [],
            "target_tags": [],
            "timeouts": null
          },
          "sensitive_attributes": [],
          "private": "eyJlMmJmYjczMC1lY2FhLTExZTYtOGY4OC0zNDM2M2JjN2M0YzAiOnsiY3JlYXRlIjoxMjAwMDAwMDAwMDAwLCJkZWxldGUiOjEyMDAwMDAwMDAwMDAsInVwZGF0ZSI6MTIwMDAwMDAwMDAwMH0sInNjaGVtYV92ZXJzaW9uIjoiMSJ9",
          "dependencies": [
            "module.vpc.google_compute_network.vpc",
            "module.vpc.google_compute_router.router",
            "module.vpc.google_compute_router_nat.nat",
            "module.vpc.google_compute_subnetwork.private_subnet_01",
            "module.vpc.google_compute_subnetwork.private_subnet_02",
            "module.vpc.google_compute_subnetwork.private_subnet_03",
            "module.vpc.google_compute_subnetwork.private_subnet_04",
            "module.vpc.google_compute_subnetwork.private_subnet_05",
            "module.vpc.google_compute_subnetwork.public_subnet"
          ]
        }
      ]
    },
    {
      "module": "module.firewall",
      "mode": "managed",
      "type": "google_compute_firewall",
      "name": "allow_internal",
      "provider": "provider[\"registry.terraform.io/hashicorp/google\"]",
      "instances": [
        {
          "schema_version": 1,
          "attributes": {
            "allow": [
              {
                "ports": [
                  "0-65535"
                ],
                "protocol": "tcp"
              },
              {
                "ports": [
                  "0-65535"
                ],
                "protocol": "udp"
              },
              {
                "ports": [],
                "protocol": "icmp"
              }
            ],
            "creation_timestamp": "2025-04-24T20:12:58.612-07:00",
            "deny": [],
            "description": "",
            "destination_ranges": [],
            "direction": "INGRESS",
            "disabled": false,
            "enable_logging": null,
            "id": "projects/ehes-gcp-poc/global/firewalls/allow-internal",
            "log_config": [],
            "name": "allow-internal",
            "network": "https://www.googleapis.com/compute/v1/projects/ehes-gcp-poc/global/networks/main-vpc",
            "priority": 1000,
            "project": "ehes-gcp-poc",
            "self_link": "https://www.googleapis.com/compute/v1/projects/ehes-gcp-poc/global/firewalls/allow-internal",
            "source_ranges": [
              "10.0.0.0/24",
              "10.0.1.0/24",
              "10.0.2.0/24",
              "10.0.3.0/24",
              "10.0.4.0/24",
              "10.0.5.0/24"
            ],
            "source_service_accounts": [],
            "source_tags": [],
            "target_service_accounts": [],
            "target_tags": [],
            "timeouts": null
          },
          "sensitive_attributes": [],
          "private": "eyJlMmJmYjczMC1lY2FhLTExZTYtOGY4OC0zNDM2M2JjN2M0YzAiOnsiY3JlYXRlIjoxMjAwMDAwMDAwMDAwLCJkZWxldGUiOjEyMDAwMDAwMDAwMDAsInVwZGF0ZSI6MTIwMDAwMDAwMDAwMH0sInNjaGVtYV92ZXJzaW9uIjoiMSJ9",
          "dependencies": [
            "module.vpc.google_compute_network.vpc",
            "module.vpc.google_compute_router.router",
            "module.vpc.google_compute_router_nat.nat",
            "module.vpc.google_compute_subnetwork.private_subnet_01",
            "module.vpc.google_compute_subnetwork.private_subnet_02",
            "module.vpc.google_compute_subnetwork.private_subnet_03",
            "module.vpc.google_compute_subnetwork.private_subnet_04",
            "module.vpc.google_compute_subnetwork.private_subnet_05",
            "module.vpc.google_compute_subnetwork.public_subnet"
          ]
        }
      ]
    },
    {
      "module": "module.firewall",
      "mode": "managed",
      "type": "google_compute_firewall",
      "name": "allow_mqtt",
      "provider": "provider[\"registry.terraform.io/hashicorp/google\"]",
      "instances": [
        {
          "schema_version": 1,
          "attributes": {
            "allow": [
              {
                "ports": [
                  "1883",
                  "8883"
                ],
                "protocol": "tcp"
              }
            ],
            "creation_timestamp": "2025-04-24T20:13:10.812-07:00",
            "deny": [],
            "description": "",
            "destination_ranges": [],
            "direction": "INGRESS",
            "disabled": false,
            "enable_logging": null,
            "id": "projects/ehes-gcp-poc/global/firewalls/allow-mqtt",
            "log_config": [],
            "name": "allow-mqtt",
            "network": "https://www.googleapis.com/compute/v1/projects/ehes-gcp-poc/global/networks/main-vpc",
            "priority": 1000,
            "project": "ehes-gcp-poc",
            "self_link": "https://www.googleapis.com/compute/v1/projects/ehes-gcp-poc/global/firewalls/allow-mqtt",
            "source_ranges": [
              "10.0.4.0/24",
              "10.0.5.0/24"
            ],
            "source_service_accounts": [],
            "source_tags": [],
            "target_service_accounts": [],
            "target_tags": [
              "mqtt-broker"
            ],
            "timeouts": null
          },
          "sensitive_attributes": [],
          "private": "eyJlMmJmYjczMC1lY2FhLTExZTYtOGY4OC0zNDM2M2JjN2M0YzAiOnsiY3JlYXRlIjoxMjAwMDAwMDAwMDAwLCJkZWxldGUiOjEyMDAwMDAwMDAwMDAsInVwZGF0ZSI6MTIwMDAwMDAwMDAwMH0sInNjaGVtYV92ZXJzaW9uIjoiMSJ9",
          "dependencies": [
            "module.vpc.google_compute_network.vpc",
            "module.vpc.google_compute_router.router",
            "module.vpc.google_compute_router_nat.nat",
            "module.vpc.google_compute_subnetwork.private_subnet_01",
            "module.vpc.google_compute_subnetwork.private_subnet_02",
            "module.vpc.google_compute_subnetwork.private_subnet_03",
            "module.vpc.google_compute_subnetwork.private_subnet_04",
            "module.vpc.google_compute_subnetwork.private_subnet_05",
            "module.vpc.google_compute_subnetwork.public_subnet"
          ]
        }
      ]
    },
    {
      "module": "module.firewall",
      "mode": "managed",
      "type": "google_compute_firewall",
      "name": "allow_ssh",
      "provider": "provider[\"registry.terraform.io/hashicorp/google\"]",
      "instances": [
        {
          "schema_version": 1,
          "attributes": {
            "allow": [
              {
                "ports": [
                  "22"
                ],
                "protocol": "tcp"
              }
            ],
            "creation_timestamp": "2025-04-24T20:13:10.915-07:00",
            "deny": [],
            "description": "",
            "destination_ranges": [],
            "direction": "INGRESS",
            "disabled": false,
            "enable_logging": null,
            "id": "projects/ehes-gcp-poc/global/firewalls/allow-ssh",
            "log_config": [],
            "name": "allow-ssh",
            "network": "https://www.googleapis.com/compute/v1/projects/ehes-gcp-poc/global/networks/main-vpc",
            "priority": 1000,
            "project": "ehes-gcp-poc",
            "self_link": "https://www.googleapis.com/compute/v1/projects/ehes-gcp-poc/global/firewalls/allow-ssh",
            "source_ranges": [
              "0.0.0.0/0"
            ],
            "source_service_accounts": [],
            "source_tags": [],
            "target_service_accounts": [],
            "target_tags": [
              "ssh-enabled"
            ],
            "timeouts": null
          },
          "sensitive_attributes": [],
          "private": "eyJlMmJmYjczMC1lY2FhLTExZTYtOGY4OC0zNDM2M2JjN2M0YzAiOnsiY3JlYXRlIjoxMjAwMDAwMDAwMDAwLCJkZWxldGUiOjEyMDAwMDAwMDAwMDAsInVwZGF0ZSI6MTIwMDAwMDAwMDAwMH0sInNjaGVtYV92ZXJzaW9uIjoiMSJ9",
          "dependencies": [
            "module.vpc.google_compute_network.vpc",
            "module.vpc.google_compute_router.router",
            "module.vpc.google_compute_router_nat.nat",
            "module.vpc.google_compute_subnetwork.private_subnet_01",
            "module.vpc.google_compute_subnetwork.private_subnet_02",
            "module.vpc.google_compute_subnetwork.private_subnet_03",
            "module.vpc.google_compute_subnetwork.private_subnet_04",
            "module.vpc.google_compute_subnetwork.private_subnet_05",
            "module.vpc.google_compute_subnetwork.public_subnet"
          ]
        }
      ]
    },
    {
      "module": "module.firewall",
      "mode": "managed",
      "type": "google_compute_firewall",
      "name": "cassandra_client",
      "provider": "provider[\"registry.terraform.io/hashicorp/google\"]",
      "instances": [
        {
          "schema_version": 1,
          "attributes": {
            "allow": [
              {
                "ports": [
                  "9042"
                ],
                "protocol": "tcp"
              }
            ],
            "creation_timestamp": "2025-04-24T20:12:58.468-07:00",
            "deny": [],
            "description": "",
            "destination_ranges": [],
            "direction": "INGRESS",
            "disabled": false,
            "enable_logging": null,
            "id": "projects/ehes-gcp-poc/global/firewalls/cassandra-client",
            "log_config": [],
            "name": "cassandra-client",
            "network": "https://www.googleapis.com/compute/v1/projects/ehes-gcp-poc/global/networks/main-vpc",
            "priority": 1000,
            "project": "ehes-gcp-poc",
            "self_link": "https://www.googleapis.com/compute/v1/projects/ehes-gcp-poc/global/firewalls/cassandra-client",
            "source_ranges": [
              "0.0.0.0/0"
            ],
            "source_service_accounts": [],
            "source_tags": [],
            "target_service_accounts": [],
            "target_tags": [
              "cassandra-client"
            ],
            "timeouts": null
          },
          "sensitive_attributes": [],
          "private": "eyJlMmJmYjczMC1lY2FhLTExZTYtOGY4OC0zNDM2M2JjN2M0YzAiOnsiY3JlYXRlIjoxMjAwMDAwMDAwMDAwLCJkZWxldGUiOjEyMDAwMDAwMDAwMDAsInVwZGF0ZSI6MTIwMDAwMDAwMDAwMH0sInNjaGVtYV92ZXJzaW9uIjoiMSJ9",
          "dependencies": [
            "module.vpc.google_compute_network.vpc",
            "module.vpc.google_compute_router.router",
            "module.vpc.google_compute_router_nat.nat",
            "module.vpc.google_compute_subnetwork.private_subnet_01",
            "module.vpc.google_compute_subnetwork.private_subnet_02",
            "module.vpc.google_compute_subnetwork.private_subnet_03",
            "module.vpc.google_compute_subnetwork.private_subnet_04",
            "module.vpc.google_compute_subnetwork.private_subnet_05",
            "module.vpc.google_compute_subnetwork.public_subnet"
          ]
        }
      ]
    },
    {
      "module": "module.firewall",
      "mode": "managed",
      "type": "google_compute_firewall",
      "name": "cassandra_internal",
      "provider": "provider[\"registry.terraform.io/hashicorp/google\"]",
      "instances": [
        {
          "schema_version": 1,
          "attributes": {
            "allow": [
              {
                "ports": [
                  "7000",
                  "7001",
                  "7199",
                  "9042",
                  "9160"
                ],
                "protocol": "tcp"
              }
            ],
            "creation_timestamp": "2025-04-24T20:13:10.795-07:00",
            "deny": [],
            "description": "",
            "destination_ranges": [],
            "direction": "INGRESS",
            "disabled": false,
            "enable_logging": null,
            "id": "projects/ehes-gcp-poc/global/firewalls/cassendra-internal",
            "log_config": [],
            "name": "cassendra-internal",
            "network": "https://www.googleapis.com/compute/v1/projects/ehes-gcp-poc/global/networks/main-vpc",
            "priority": 1000,
            "project": "ehes-gcp-poc",
            "self_link": "https://www.googleapis.com/compute/v1/projects/ehes-gcp-poc/global/firewalls/cassendra-internal",
            "source_ranges": [],
            "source_service_accounts": [],
            "source_tags": [
              "cassendra"
            ],
            "target_service_accounts": [],
            "target_tags": [
              "cassendra"
            ],
            "timeouts": null
          },
          "sensitive_attributes": [],
          "private": "eyJlMmJmYjczMC1lY2FhLTExZTYtOGY4OC0zNDM2M2JjN2M0YzAiOnsiY3JlYXRlIjoxMjAwMDAwMDAwMDAwLCJkZWxldGUiOjEyMDAwMDAwMDAwMDAsInVwZGF0ZSI6MTIwMDAwMDAwMDAwMH0sInNjaGVtYV92ZXJzaW9uIjoiMSJ9",
          "dependencies": [
            "module.vpc.google_compute_network.vpc",
            "module.vpc.google_compute_router.router",
            "module.vpc.google_compute_router_nat.nat",
            "module.vpc.google_compute_subnetwork.private_subnet_01",
            "module.vpc.google_compute_subnetwork.private_subnet_02",
            "module.vpc.google_compute_subnetwork.private_subnet_03",
            "module.vpc.google_compute_subnetwork.private_subnet_04",
            "module.vpc.google_compute_subnetwork.private_subnet_05",
            "module.vpc.google_compute_subnetwork.public_subnet"
          ]
        }
      ]
    },
    {
      "module": "module.firewall",
      "mode": "managed",
      "type": "google_compute_firewall",
      "name": "cassandra_ssh",
      "provider": "provider[\"registry.terraform.io/hashicorp/google\"]",
      "instances": [
        {
          "schema_version": 1,
          "attributes": {
            "allow": [
              {
                "ports": [
                  "22"
                ],
                "protocol": "tcp"
              }
            ],
            "creation_timestamp": "2025-04-24T20:12:58.534-07:00",
            "deny": [],
            "description": "",
            "destination_ranges": [],
            "direction": "INGRESS",
            "disabled": false,
            "enable_logging": null,
            "id": "projects/ehes-gcp-poc/global/firewalls/cassndra-ssh",
            "log_config": [],
            "name": "cassndra-ssh",
            "network": "https://www.googleapis.com/compute/v1/projects/ehes-gcp-poc/global/networks/main-vpc",
            "priority": 1000,
            "project": "ehes-gcp-poc",
            "self_link": "https://www.googleapis.com/compute/v1/projects/ehes-gcp-poc/global/firewalls/cassndra-ssh",
            "source_ranges": [
              "0.0.0.0/0"
            ],
            "source_service_accounts": [],
            "source_tags": [],
            "target_service_accounts": [],
            "target_tags": [
              "cassendra-ssh"
            ],
            "timeouts": null
          },
          "sensitive_attributes": [],
          "private": "eyJlMmJmYjczMC1lY2FhLTExZTYtOGY4OC0zNDM2M2JjN2M0YzAiOnsiY3JlYXRlIjoxMjAwMDAwMDAwMDAwLCJkZWxldGUiOjEyMDAwMDAwMDAwMDAsInVwZGF0ZSI6MTIwMDAwMDAwMDAwMH0sInNjaGVtYV92ZXJzaW9uIjoiMSJ9",
          "dependencies": [
            "module.vpc.google_compute_network.vpc",
            "module.vpc.google_compute_router.router",
            "module.vpc.google_compute_router_nat.nat",
            "module.vpc.google_compute_subnetwork.private_subnet_01",
            "module.vpc.google_compute_subnetwork.private_subnet_02",
            "module.vpc.google_compute_subnetwork.private_subnet_03",
            "module.vpc.google_compute_subnetwork.private_subnet_04",
            "module.vpc.google_compute_subnetwork.private_subnet_05",
            "module.vpc.google_compute_subnetwork.public_subnet"
          ]
        }
      ]
    },
    {
      "module": "module.kubernetes",
      "mode": "managed",
      "type": "google_container_cluster",
      "name": "primary",
      "provider": "provider[\"registry.terraform.io/hashicorp/google\"]",
      "instances": [
        {
          "schema_version": 2,
          "attributes": {
            "addons_config": [
              {
                "cloudrun_config": [],
                "config_connector_config": [],
                "dns_cache_config": [],
                "gce_persistent_disk_csi_driver_config": [
                  {
                    "enabled": true
                  }
                ],
                "gcp_filestore_csi_driver_config": [],
                "gcs_fuse_csi_driver_config": [],
                "gke_backup_agent_config": [],
                "horizontal_pod_autoscaling": [
                  {
                    "disabled": false
                  }
                ],
                "http_load_balancing": [
                  {
                    "disabled": false
                  }
                ],
                "network_policy_config": [
                  {
                    "disabled": false
                  }
                ],
                "parallelstore_csi_driver_config": [],
                "ray_operator_config": [],
                "stateful_ha_config": []
              }
            ],
            "allow_net_admin": null,
            "authenticator_groups_config": [],
            "binary_authorization": [
              {
                "enabled": false,
                "evaluation_mode": ""
              }
            ],
            "cluster_autoscaling": [
              {
                "auto_provisioning_defaults": [],
                "auto_provisioning_locations": [],
                "autoscaling_profile": "BALANCED",
                "enabled": false,
                "resource_limits": []
              }
            ],
            "cluster_ipv4_cidr": "20.1.0.0/16",
            "confidential_nodes": [],
            "control_plane_endpoints_config": [
              {
                "dns_endpoint_config": [
                  {
                    "allow_external_traffic": false,
                    "endpoint": "gke-1494e4e4b9ee4143b43a042e6e4044d77e28-325578456833.asia-southeast1-a.gke.goog"
                  }
                ],
                "ip_endpoints_config": [
                  {
                    "enabled": true
                  }
                ]
              }
            ],
            "cost_management_config": [],
            "database_encryption": [
              {
                "key_name": "",
                "state": "DECRYPTED"
              }
            ],
            "datapath_provider": "",
            "default_max_pods_per_node": 110,
            "default_snat_status": [
              {
                "disabled": false
              }
            ],
            "deletion_protection": true,
            "description": "",
            "disable_l4_lb_firewall_reconciliation": false,
            "dns_config": [],
            "effective_labels": {
              "goog-terraform-provisioned": "true"
            },
            "enable_autopilot": false,
            "enable_cilium_clusterwide_network_policy": false,
            "enable_fqdn_network_policy": false,
            "enable_intranode_visibility": false,
            "enable_k8s_beta_apis": [],
            "enable_kubernetes_alpha": false,
            "enable_l4_ilb_subsetting": false,
            "enable_legacy_abac": false,
            "enable_multi_networking": false,
            "enable_shielded_nodes": true,
            "enable_tpu": false,
            "endpoint": "172.16.0.2",
            "enterprise_config": [
              {
                "cluster_tier": "STANDARD",
                "desired_tier": ""
              }
            ],
            "fleet": [],
            "gateway_api_config": [],
            "id": "projects/ehes-gcp-poc/locations/asia-southeast1-a/clusters/gke-cluster",
            "identity_service_config": [],
            "initial_node_count": 2,
            "ip_allocation_policy": [
              {
                "additional_pod_ranges_config": [],
                "cluster_ipv4_cidr_block": "20.1.0.0/16",
                "cluster_secondary_range_name": "k8s-pods",
                "pod_cidr_overprovision_config": [
                  {
                    "disabled": false
                  }
                ],
                "services_ipv4_cidr_block": "20.2.0.0/16",
                "services_secondary_range_name": "k8s-services",
                "stack_type": "IPV4"
              }
            ],
            "label_fingerprint": "78cdf2f6",
            "location": "asia-southeast1-a",
            "logging_config": [
              {
                "enable_components": [
                  "SYSTEM_COMPONENTS",
                  "WORKLOADS"
                ]
              }
            ],
            "logging_service": "logging.googleapis.com/kubernetes",
            "maintenance_policy": [],
            "master_auth": [
              {
                "client_certificate": "",
                "client_certificate_config": [
                  {
                    "issue_client_certificate": false
                  }
                ],
                "client_key": "",
                "cluster_ca_certificate": "LS0tLS1CRUdJTiBDRVJUSUZJQ0FURS0tLS0tCk1JSUVMVENDQXBXZ0F3SUJBZ0lSQVBqak8zM1kyRG9HY3BjdXFLTy9SYnN3RFFZSktvWklodmNOQVFFTEJRQXcKTHpFdE1Dc0dBMVVFQXhNa09HUXlPV1F4TW1NdFptWmhaUzAwWlRjMUxXSmtOelF0WXpFMk16QmpORGRpTmpobQpNQ0FYRFRJMU1EUXlOVEV6TXpNMU0xb1lEekl3TlRVd05ERTRNVFF6TXpVeldqQXZNUzB3S3dZRFZRUURFeVE0ClpESTVaREV5WXkxbVptRmxMVFJsTnpVdFltUTNOQzFqTVRZek1HTTBOMkkyT0dZd2dnR2lNQTBHQ1NxR1NJYjMKRFFFQkFRVUFBNElCandBd2dnR0tBb0lCZ1FES2tnWFlyaWpCV0x4MXRteVIyc1d0bFRyRnFmeEpZMzdEL292aAplVkRrdGdOUXNDRnpKZlF1R2RGTnFvdGJMRGc3WjAxOHNYQUdqcHNHN3A0QTlMVXJLQkNsOEg4NE1oM1FrV2dVClFjZWRoNnEwWUZBTVhrUGoyN090VlBzSFFkK2ZtMlRHNGtOOHplZWJ1djFNT3BCMmxXYUFEZU5nUHM3Vk5RWlYKZ1FtTlMyeFdORVlDK2NVVG52Y2UvOE9LMXRXdlR1V0t6c013bmhKcnJCRGxIQk5CNXZVWEhab3ZyRVdObGpUMQo3VWZNRGZLMmNJclN1cDhtOWdZbU83TnJkTThmb0VsTmR3eTBWVnlhOUttL1Q2WHpqQlIzYzd5aThiRVdYV2ZzCmg1STE2Mjd0VW9mbmlodkNha2h0SGl4QThBaUl6MWRKNWE4Y3lGT1BlWmpBNHJIdWRQeHZyREM1MDJJSWZUckYKay92Q0NkOU16RC80TWRoeWlpWTJsTm0rTk1rK0J2S3NTTHZrUlhJK2tVWktGNHdiRTZTVlo3QXZZclJXa2p4egpNdnZ4VnhwWEZvd3BQTEt3L2dMSGZ6UEdPU2dVbzJEbUJSWmF2VnNKbDN6amk1RzN0blo3a2NjaXJMeEprdlNPCmMyT0hGQ0M2OTh1TzArb1dWQXR2WjJHN3ZORUNBd0VBQWFOQ01FQXdEZ1lEVlIwUEFRSC9CQVFEQWdJRU1BOEcKQTFVZEV3RUIvd1FGTUFNQkFmOHdIUVlEVlIwT0JCWUVGSXkwVTlqemZUeEE1WTQ5c1ovazVlTDYxempoTUEwRwpDU3FHU0liM0RRRUJDd1VBQTRJQmdRQ1UzU3hOZThmZytRdmZXYTl2TkFMMkF4Rk9lK01LZGxmSXZBR0Y1Rmo5CmYrTFMvWTlsZmxtbUhrQVQya2RpUUZIRXZtWFdXQk15aWhkSWRhNUM2Y3lCT1BMM3FzRU5tY3dudEFFaUtWTHYKd1pUMHhNbmJENFhyQS9yMWJ1UUw3RVdvWWtvUjVVeUJaOFNlT25jdHBkcTNXeU1jczJDS3p1L2g0M3hLTlMzeQozV2c2WWRNaXh0TmhOSkozZHk5MjJkbkdrR2xMck9ZNFNkU1FkTmg1Vk1EblUwVDg4Tm1ZMmU5RDFmbkRicVo3CmowMTNiNzVGbkN5THFNMW4rQWtmdGRuZEZvaDlwRDJKV1VvNWZvbGtFanh5aVFRZXRhZmhJZWtXUXlJS3NtclYKcG9KZ2Zhbjh6dDVZdm41UFpWemNoUVhDQjBXaFg0SFp2U1M1TndqZHllVzk5M0xWdnE4bkg3SjUrUEFUZ3dqYQo5aFpYa3AvMzNrYktETkZtdG0rRFdwS0syYVRyYmk0Y2ljWGZwVjU4RXpLd1pSd1d6eW5HS1JTM2RZazNhNjhHCkdKVWpCV1hQTmJnNi8vVHJ4RW15SE0yZVhuM29Wc082ZXR5QWlEdWZpZGU0NEFFYWRsbkd0Ni8xZlpjS0NLeGEKS2V2dnYrTzhrZk8vTEwxLysvOC9LZzg9Ci0tLS0tRU5EIENFUlRJRklDQVRFLS0tLS0K"
              }
            ],
            "master_authorized_networks_config": [
              {
                "cidr_blocks": [
                  {
                    "cidr_block": "10.0.5.0/24",
                    "display_name": "All"
                  }
                ],
                "gcp_public_cidrs_access_enabled": false,
                "private_endpoint_enforcement_enabled": true
              }
            ],
            "master_version": "1.32.2-gke.1182003",
            "mesh_certificates": [],
            "min_master_version": null,
            "monitoring_config": [
              {
                "advanced_datapath_observability_config": [
                  {
                    "enable_metrics": false,
                    "enable_relay": false
                  }
                ],
                "enable_components": [
                  "SYSTEM_COMPONENTS",
                  "STORAGE",
                  "HPA",
                  "POD",
                  "DAEMONSET",
                  "DEPLOYMENT",
                  "STATEFULSET",
                  "JOBSET",
                  "CADVISOR",
                  "KUBELET",
                  "DCGM"
                ],
                "managed_prometheus": [
                  {
                    "auto_monitoring_config": [],
                    "enabled": true
                  }
                ]
              }
            ],
            "monitoring_service": "monitoring.googleapis.com/kubernetes",
            "name": "gke-cluster",
            "network": "projects/ehes-gcp-poc/global/networks/main-vpc",
            "network_policy": [
              {
                "enabled": true,
                "provider": "CALICO"
              }
            ],
            "networking_mode": "VPC_NATIVE",
            "node_config": [],
            "node_locations": [],
            "node_pool": [],
            "node_pool_auto_config": [
              {
                "linux_node_config": [],
                "network_tags": [],
                "node_kubelet_config": [
                  {
                    "insecure_kubelet_readonly_port_enabled": "FALSE"
                  }
                ],
                "resource_manager_tags": {}
              }
            ],
            "node_pool_defaults": [
              {
                "node_config_defaults": [
                  {
                    "containerd_config": [],
                    "gcfs_config": [],
                    "insecure_kubelet_readonly_port_enabled": "FALSE",
                    "logging_variant": "DEFAULT"
                  }
                ]
              }
            ],
            "node_version": "1.32.2-gke.1182003",
            "notification_config": [
              {
                "pubsub": [
                  {
                    "enabled": false,
                    "filter": [],
                    "topic": ""
                  }
                ]
              }
            ],
            "operation": null,
            "private_cluster_config": [
              {
                "enable_private_endpoint": true,
                "enable_private_nodes": true,
                "master_global_access_config": [
                  {
                    "enabled": true
                  }
                ],
                "master_ipv4_cidr_block": "172.16.0.0/28",
                "peering_name": "",
                "private_endpoint": "172.16.0.2",
                "private_endpoint_subnetwork": "projects/ehes-gcp-poc/regions/asia-southeast1/subnetworks/gke-gke-cluster-39a3c5a5-pe-subnet",
                "public_endpoint": ""
              }
            ],
            "private_ipv6_google_access": "",
            "project": "ehes-gcp-poc",
            "release_channel": [
              {
                "channel": "REGULAR"
              }
            ],
            "remove_default_node_pool": true,
            "resource_labels": null,
            "resource_usage_export_config": [],
            "secret_manager_config": [
              {
                "enabled": false
              }
            ],
            "security_posture_config": [
              {
                "mode": "BASIC",
                "vulnerability_mode": "VULNERABILITY_MODE_UNSPECIFIED"
              }
            ],
            "self_link": "https://container.googleapis.com/v1/projects/ehes-gcp-poc/zones/asia-southeast1-a/clusters/gke-cluster",
            "service_external_ips_config": [
              {
                "enabled": false
              }
            ],
            "services_ipv4_cidr": "20.2.0.0/16",
            "subnetwork": "projects/ehes-gcp-poc/regions/asia-southeast1/subnetworks/private-subnet-04",
            "terraform_labels": {
              "goog-terraform-provisioned": "true"
            },
            "timeouts": null,
            "tpu_ipv4_cidr_block": "",
            "user_managed_keys_config": [],
            "vertical_pod_autoscaling": [],
            "workload_identity_config": [
              {
                "workload_pool": "ehes-gcp-poc.svc.id.goog"
              }
            ]
          },
          "sensitive_attributes": [
            [
              {
                "type": "get_attr",
                "value": "master_auth"
              },
              {
                "type": "index",
                "value": {
                  "value": 0,
                  "type": "number"
                }
              },
              {
                "type": "get_attr",
                "value": "client_key"
              }
            ]
          ],
          "private": "eyJlMmJmYjczMC1lY2FhLTExZTYtOGY4OC0zNDM2M2JjN2M0YzAiOnsiY3JlYXRlIjoyNDAwMDAwMDAwMDAwLCJkZWxldGUiOjI0MDAwMDAwMDAwMDAsInJlYWQiOjI0MDAwMDAwMDAwMDAsInVwZGF0ZSI6MzYwMDAwMDAwMDAwMH0sInNjaGVtYV92ZXJzaW9uIjoiMiJ9",
          "dependencies": [
            "module.vpc.google_compute_network.vpc",
            "module.vpc.google_compute_router.router",
            "module.vpc.google_compute_router_nat.nat",
            "module.vpc.google_compute_subnetwork.private_subnet_01",
            "module.vpc.google_compute_subnetwork.private_subnet_02",
            "module.vpc.google_compute_subnetwork.private_subnet_03",
            "module.vpc.google_compute_subnetwork.private_subnet_04",
            "module.vpc.google_compute_subnetwork.private_subnet_05",
            "module.vpc.google_compute_subnetwork.public_subnet"
          ]
        }
      ]
    },
    {
      "module": "module.kubernetes",
      "mode": "managed",
      "type": "google_container_node_pool",
      "name": "primary_nodes",
      "provider": "provider[\"registry.terraform.io/hashicorp/google\"]",
      "instances": [
        {
          "schema_version": 1,
          "attributes": {
            "autoscaling": [
              {
                "location_policy": "BALANCED",
                "max_node_count": 2,
                "min_node_count": 1,
                "total_max_node_count": 0,
                "total_min_node_count": 0
              }
            ],
            "cluster": "gke-cluster",
            "id": "projects/ehes-gcp-poc/locations/asia-southeast1-a/clusters/gke-cluster/nodePools/gke-cluster-node-pool",
            "initial_node_count": 1,
            "instance_group_urls": [
              "https://www.googleapis.com/compute/v1/projects/ehes-gcp-poc/zones/asia-southeast1-a/instanceGroupManagers/gke-gke-cluster-gke-cluster-node-pool-dc407c28-grp"
            ],
            "location": "asia-southeast1-a",
            "managed_instance_group_urls": [
              "https://www.googleapis.com/compute/v1/projects/ehes-gcp-poc/zones/asia-southeast1-a/instanceGroups/gke-gke-cluster-gke-cluster-node-pool-dc407c28-grp"
            ],
            "management": [
              {
                "auto_repair": true,
                "auto_upgrade": true
              }
            ],
            "max_pods_per_node": 110,
            "name": "gke-cluster-node-pool",
            "name_prefix": "",
            "network_config": [
              {
                "additional_node_network_configs": [],
                "additional_pod_network_configs": [],
                "create_pod_range": false,
                "enable_private_nodes": true,
                "network_performance_config": [],
                "pod_cidr_overprovision_config": [],
                "pod_ipv4_cidr_block": "20.1.0.0/16",
                "pod_range": "k8s-pods"
              }
            ],
            "node_config": [
              {
                "advanced_machine_features": [],
                "boot_disk_kms_key": "",
                "confidential_nodes": [],
                "containerd_config": [],
                "disk_size_gb": 100,
                "disk_type": "pd-standard",
                "effective_taints": [],
                "enable_confidential_storage": false,
                "ephemeral_storage_local_ssd_config": [],
                "fast_socket": [],
                "gcfs_config": [],
                "guest_accelerator": [],
                "gvnic": [],
                "host_maintenance_policy": [],
                "image_type": "COS_CONTAINERD",
                "kubelet_config": [
                  {
                    "allowed_unsafe_sysctls": [],
                    "container_log_max_files": 0,
                    "container_log_max_size": "",
                    "cpu_cfs_quota": false,
                    "cpu_cfs_quota_period": "",
                    "cpu_manager_policy": "",
                    "image_gc_high_threshold_percent": 0,
                    "image_gc_low_threshold_percent": 0,
                    "image_maximum_gc_age": "",
                    "image_minimum_gc_age": "",
                    "insecure_kubelet_readonly_port_enabled": "FALSE",
                    "pod_pids_limit": 0
                  }
                ],
                "labels": {},
                "linux_node_config": [],
                "local_nvme_ssd_block_config": [],
                "local_ssd_count": 0,
                "local_ssd_encryption_mode": "",
                "logging_variant": "DEFAULT",
                "machine_type": "e2-standard-2",
                "max_run_duration": "",
                "metadata": {
                  "disable-legacy-endpoints": "true"
                },
                "min_cpu_platform": "",
                "node_group": "",
                "oauth_scopes": [
                  "https://www.googleapis.com/auth/compute",
                  "https://www.googleapis.com/auth/devstorage.read_only",
                  "https://www.googleapis.com/auth/logging.write",
                  "https://www.googleapis.com/auth/monitoring"
                ],
                "preemptible": false,
                "reservation_affinity": [],
                "resource_labels": {
                  "goog-gke-node-pool-provisioning-model": "on-demand"
                },
                "resource_manager_tags": null,
                "secondary_boot_disks": [],
                "service_account": "default",
                "shielded_instance_config": [
                  {
                    "enable_integrity_monitoring": true,
                    "enable_secure_boot": false
                  }
                ],
                "sole_tenant_config": [],
                "spot": false,
                "storage_pools": null,
                "tags": [],
                "taint": [],
                "windows_node_config": [
                  {
                    "osversion": ""
                  }
                ],
                "workload_metadata_config": [
                  {
                    "mode": "GKE_METADATA"
                  }
                ]
              }
            ],
            "node_count": 1,
            "node_locations": [
              "asia-southeast1-a"
            ],
            "operation": null,
            "placement_policy": [],
            "project": "ehes-gcp-poc",
            "queued_provisioning": [],
            "timeouts": null,
            "upgrade_settings": [
              {
                "blue_green_settings": [],
                "max_surge": 1,
                "max_unavailable": 0,
                "strategy": "SURGE"
              }
            ],
            "version": "1.32.2-gke.1182003"
          },
          "sensitive_attributes": [],
          "private": "eyJlMmJmYjczMC1lY2FhLTExZTYtOGY4OC0zNDM2M2JjN2M0YzAiOnsiY3JlYXRlIjoxODAwMDAwMDAwMDAwLCJkZWxldGUiOjE4MDAwMDAwMDAwMDAsInVwZGF0ZSI6MTgwMDAwMDAwMDAwMH0sInNjaGVtYV92ZXJzaW9uIjoiMSJ9",
          "dependencies": [
            "module.kubernetes.google_container_cluster.primary",
            "module.vpc.google_compute_network.vpc",
            "module.vpc.google_compute_router.router",
            "module.vpc.google_compute_router_nat.nat",
            "module.vpc.google_compute_subnetwork.private_subnet_01",
            "module.vpc.google_compute_subnetwork.private_subnet_02",
            "module.vpc.google_compute_subnetwork.private_subnet_03",
            "module.vpc.google_compute_subnetwork.private_subnet_04",
            "module.vpc.google_compute_subnetwork.private_subnet_05",
            "module.vpc.google_compute_subnetwork.public_subnet"
          ]
        }
      ]
    },
    {
      "module": "module.load_balancers",
      "mode": "managed",
      "type": "google_compute_backend_service",
      "name": "app_lb_backend",
      "provider": "provider[\"registry.terraform.io/hashicorp/google\"]",
      "instances": [
        {
          "schema_version": 1,
          "attributes": {
            "affinity_cookie_ttl_sec": 0,
            "backend": [],
            "cdn_policy": [],
            "circuit_breakers": [],
            "compression_mode": "",
            "connection_draining_timeout_sec": 300,
            "consistent_hash": [],
            "creation_timestamp": "2025-04-25T06:25:53.487-07:00",
            "custom_metrics": [],
            "custom_request_headers": [],
            "custom_response_headers": [],
            "description": "",
            "edge_security_policy": "",
            "enable_cdn": false,
            "fingerprint": "nnjzFGKJrzY=",
            "generated_id": 8352155597715944334,
            "health_checks": [
              "https://www.googleapis.com/compute/v1/projects/ehes-gcp-poc/global/healthChecks/app-lb-health-check"
            ],
            "iap": [],
            "id": "projects/ehes-gcp-poc/global/backendServices/app-lb-backend",
            "ip_address_selection_policy": "",
            "load_balancing_scheme": "EXTERNAL",
            "locality_lb_policies": [],
            "locality_lb_policy": "",
            "log_config": [],
            "max_stream_duration": [],
            "name": "app-lb-backend",
            "outlier_detection": [],
            "port_name": "http",
            "project": "ehes-gcp-poc",
            "protocol": "HTTP",
            "security_policy": "",
            "security_settings": [],
            "self_link": "https://www.googleapis.com/compute/v1/projects/ehes-gcp-poc/global/backendServices/app-lb-backend",
            "service_lb_policy": "",
            "session_affinity": "NONE",
            "strong_session_affinity_cookie": [],
            "timeout_sec": 30,
            "timeouts": null
          },
          "sensitive_attributes": [],
          "private": "eyJlMmJmYjczMC1lY2FhLTExZTYtOGY4OC0zNDM2M2JjN2M0YzAiOnsiY3JlYXRlIjoxMjAwMDAwMDAwMDAwLCJkZWxldGUiOjEyMDAwMDAwMDAwMDAsInVwZGF0ZSI6MTIwMDAwMDAwMDAwMH0sInNjaGVtYV92ZXJzaW9uIjoiMSJ9",
          "dependencies": [
            "module.load_balancers.google_compute_health_check.app_lb_health_check",
            "module.vpc.google_compute_network.vpc",
            "module.vpc.google_compute_router.router",
            "module.vpc.google_compute_router_nat.nat",
            "module.vpc.google_compute_subnetwork.private_subnet_01",
            "module.vpc.google_compute_subnetwork.private_subnet_02",
            "module.vpc.google_compute_subnetwork.private_subnet_03",
            "module.vpc.google_compute_subnetwork.private_subnet_04",
            "module.vpc.google_compute_subnetwork.private_subnet_05",
            "module.vpc.google_compute_subnetwork.public_subnet"
          ]
        }
      ]
    },
    {
      "module": "module.load_balancers",
      "mode": "managed",
      "type": "google_compute_forwarding_rule",
      "name": "network_lb",
      "provider": "provider[\"registry.terraform.io/hashicorp/google\"]",
      "instances": [
        {
          "schema_version": 0,
          "attributes": {
            "all_ports": false,
            "allow_global_access": false,
            "allow_psc_global_access": false,
            "backend_service": "https://www.googleapis.com/compute/v1/projects/ehes-gcp-poc/regions/asia-southeast1/backendServices/network-lb-backend",
            "base_forwarding_rule": "",
            "creation_timestamp": "2025-04-25T06:26:31.954-07:00",
            "description": "",
            "effective_labels": {},
            "forwarding_rule_id": 5088883826112213864,
            "id": "projects/ehes-gcp-poc/regions/asia-southeast1/forwardingRules/network-lb",
            "ip_address": "34.126.91.146",
            "ip_collection": "",
            "ip_protocol": "TCP",
            "ip_version": "",
            "is_mirroring_collector": false,
            "label_fingerprint": "42WmSpB8rSM=",
            "labels": {},
            "load_balancing_scheme": "EXTERNAL",
            "name": "network-lb",
            "network": "",
            "network_tier": "PREMIUM",
            "no_automate_dns_zone": null,
            "port_range": "1-65535",
            "ports": [],
            "project": "ehes-gcp-poc",
            "psc_connection_id": "",
            "psc_connection_status": "",
            "recreate_closed_psc": false,
            "region": "asia-southeast1",
            "self_link": "https://www.googleapis.com/compute/v1/projects/ehes-gcp-poc/regions/asia-southeast1/forwardingRules/network-lb",
            "service_directory_registrations": [],
            "service_label": "",
            "service_name": "",
            "source_ip_ranges": [],
            "subnetwork": "",
            "target": "",
            "terraform_labels": {},
            "timeouts": null
          },
          "sensitive_attributes": [],
          "private": "eyJlMmJmYjczMC1lY2FhLTExZTYtOGY4OC0zNDM2M2JjN2M0YzAiOnsiY3JlYXRlIjoxMjAwMDAwMDAwMDAwLCJkZWxldGUiOjEyMDAwMDAwMDAwMDAsInVwZGF0ZSI6MTIwMDAwMDAwMDAwMH19",
          "dependencies": [
            "module.load_balancers.google_compute_instance_group_manager.instance_group",
            "module.load_balancers.google_compute_instance_template.instance_template",
            "module.load_balancers.google_compute_region_backend_service.network_lb_backend",
            "module.load_balancers.google_compute_region_health_check.network_lb_health_check",
            "module.vpc.google_compute_network.vpc",
            "module.vpc.google_compute_router.router",
            "module.vpc.google_compute_router_nat.nat",
            "module.vpc.google_compute_subnetwork.private_subnet_01",
            "module.vpc.google_compute_subnetwork.private_subnet_02",
            "module.vpc.google_compute_subnetwork.private_subnet_03",
            "module.vpc.google_compute_subnetwork.private_subnet_04",
            "module.vpc.google_compute_subnetwork.private_subnet_05",
            "module.vpc.google_compute_subnetwork.public_subnet"
          ]
        }
      ]
    },
    {
      "module": "module.load_balancers",
      "mode": "managed",
      "type": "google_compute_global_address",
      "name": "app_lb_ip",
      "provider": "provider[\"registry.terraform.io/hashicorp/google\"]",
      "instances": [
        {
          "schema_version": 0,
          "attributes": {
            "address": "34.117.57.184",
            "address_type": "EXTERNAL",
            "creation_timestamp": "2025-04-25T06:25:40.391-07:00",
            "description": "",
            "effective_labels": {
              "goog-terraform-provisioned": "true"
            },
            "id": "projects/ehes-gcp-poc/global/addresses/app-lb-ip",
            "ip_version": "",
            "label_fingerprint": "vezUS-42LLM=",
            "labels": {},
            "name": "app-lb-ip",
            "network": "",
            "prefix_length": 0,
            "project": "ehes-gcp-poc",
            "purpose": "",
            "self_link": "https://www.googleapis.com/compute/v1/projects/ehes-gcp-poc/global/addresses/app-lb-ip",
            "terraform_labels": {
              "goog-terraform-provisioned": "true"
            },
            "timeouts": null
          },
          "sensitive_attributes": [],
          "private": "eyJlMmJmYjczMC1lY2FhLTExZTYtOGY4OC0zNDM2M2JjN2M0YzAiOnsiY3JlYXRlIjoxMjAwMDAwMDAwMDAwLCJkZWxldGUiOjEyMDAwMDAwMDAwMDAsInVwZGF0ZSI6MTIwMDAwMDAwMDAwMH19",
          "dependencies": [
            "module.vpc.google_compute_network.vpc",
            "module.vpc.google_compute_router.router",
            "module.vpc.google_compute_router_nat.nat",
            "module.vpc.google_compute_subnetwork.private_subnet_01",
            "module.vpc.google_compute_subnetwork.private_subnet_02",
            "module.vpc.google_compute_subnetwork.private_subnet_03",
            "module.vpc.google_compute_subnetwork.private_subnet_04",
            "module.vpc.google_compute_subnetwork.private_subnet_05",
            "module.vpc.google_compute_subnetwork.public_subnet"
          ]
        }
      ]
    },
    {
      "module": "module.load_balancers",
      "mode": "managed",
      "type": "google_compute_global_forwarding_rule",
      "name": "app_lb",
      "provider": "provider[\"registry.terraform.io/hashicorp/google\"]",
      "instances": [
        {
          "schema_version": 0,
          "attributes": {
            "base_forwarding_rule": "",
            "description": "",
            "effective_labels": {},
            "forwarding_rule_id": 5411823061343548285,
            "id": "projects/ehes-gcp-poc/global/forwardingRules/app-lb",
            "ip_address": "34.117.57.184",
            "ip_protocol": "TCP",
            "ip_version": "",
            "label_fingerprint": "42WmSpB8rSM=",
            "labels": {},
            "load_balancing_scheme": "EXTERNAL",
            "metadata_filters": [],
            "name": "app-lb",
            "network": "",
            "network_tier": "PREMIUM",
            "no_automate_dns_zone": null,
            "port_range": "80-80",
            "project": "ehes-gcp-poc",
            "psc_connection_id": "",
            "psc_connection_status": "",
            "self_link": "https://www.googleapis.com/compute/v1/projects/ehes-gcp-poc/global/forwardingRules/app-lb",
            "service_directory_registrations": [],
            "source_ip_ranges": [],
            "subnetwork": "",
            "target": "https://www.googleapis.com/compute/v1/projects/ehes-gcp-poc/global/targetHttpProxies/app-lb-proxy",
            "terraform_labels": {},
            "timeouts": null
          },
          "sensitive_attributes": [],
          "private": "eyJlMmJmYjczMC1lY2FhLTExZTYtOGY4OC0zNDM2M2JjN2M0YzAiOnsiY3JlYXRlIjoxMjAwMDAwMDAwMDAwLCJkZWxldGUiOjEyMDAwMDAwMDAwMDAsInVwZGF0ZSI6MTIwMDAwMDAwMDAwMH19",
          "dependencies": [
            "module.load_balancers.google_compute_backend_service.app_lb_backend",
            "module.load_balancers.google_compute_global_address.app_lb_ip",
            "module.load_balancers.google_compute_health_check.app_lb_health_check",
            "module.load_balancers.google_compute_target_http_proxy.app_lb_proxy",
            "module.load_balancers.google_compute_url_map.app_lb_url_map",
            "module.vpc.google_compute_network.vpc",
            "module.vpc.google_compute_router.router",
            "module.vpc.google_compute_router_nat.nat",
            "module.vpc.google_compute_subnetwork.private_subnet_01",
            "module.vpc.google_compute_subnetwork.private_subnet_02",
            "module.vpc.google_compute_subnetwork.private_subnet_03",
            "module.vpc.google_compute_subnetwork.private_subnet_04",
            "module.vpc.google_compute_subnetwork.private_subnet_05",
            "module.vpc.google_compute_subnetwork.public_subnet"
          ]
        }
      ]
    },
    {
      "module": "module.load_balancers",
      "mode": "managed",
      "type": "google_compute_health_check",
      "name": "app_lb_health_check",
      "provider": "provider[\"registry.terraform.io/hashicorp/google\"]",
      "instances": [
        {
          "schema_version": 0,
          "attributes": {
            "check_interval_sec": 5,
            "creation_timestamp": "2025-04-25T06:25:40.284-07:00",
            "description": "",
            "grpc_health_check": [],
            "healthy_threshold": 2,
            "http2_health_check": [],
            "http_health_check": [
              {
                "host": "",
                "port": 80,
                "port_name": "",
                "port_specification": "",
                "proxy_header": "NONE",
                "request_path": "/health",
                "response": ""
              }
            ],
            "https_health_check": [],
            "id": "projects/ehes-gcp-poc/global/healthChecks/app-lb-health-check",
            "log_config": [
              {
                "enable": false
              }
            ],
            "name": "app-lb-health-check",
            "project": "ehes-gcp-poc",
            "self_link": "https://www.googleapis.com/compute/v1/projects/ehes-gcp-poc/global/healthChecks/app-lb-health-check",
            "source_regions": [],
            "ssl_health_check": [],
            "tcp_health_check": [],
            "timeout_sec": 5,
            "timeouts": null,
            "type": "HTTP",
            "unhealthy_threshold": 2
          },
          "sensitive_attributes": [],
          "private": "eyJlMmJmYjczMC1lY2FhLTExZTYtOGY4OC0zNDM2M2JjN2M0YzAiOnsiY3JlYXRlIjoxMjAwMDAwMDAwMDAwLCJkZWxldGUiOjEyMDAwMDAwMDAwMDAsInVwZGF0ZSI6MTIwMDAwMDAwMDAwMH19",
          "dependencies": [
            "module.vpc.google_compute_network.vpc",
            "module.vpc.google_compute_router.router",
            "module.vpc.google_compute_router_nat.nat",
            "module.vpc.google_compute_subnetwork.private_subnet_01",
            "module.vpc.google_compute_subnetwork.private_subnet_02",
            "module.vpc.google_compute_subnetwork.private_subnet_03",
            "module.vpc.google_compute_subnetwork.private_subnet_04",
            "module.vpc.google_compute_subnetwork.private_subnet_05",
            "module.vpc.google_compute_subnetwork.public_subnet"
          ]
        }
      ]
    },
    {
      "module": "module.load_balancers",
      "mode": "managed",
      "type": "google_compute_health_check",
      "name": "health_check",
      "provider": "provider[\"registry.terraform.io/hashicorp/google\"]",
      "instances": [
        {
          "schema_version": 0,
          "attributes": {
            "check_interval_sec": 5,
            "creation_timestamp": "2025-04-25T06:25:40.514-07:00",
            "description": "",
            "grpc_health_check": [],
            "healthy_threshold": 2,
            "http2_health_check": [],
            "http_health_check": [
              {
                "host": "",
                "port": 80,
                "port_name": "",
                "port_specification": "",
                "proxy_header": "NONE",
                "request_path": "/",
                "response": ""
              }
            ],
            "https_health_check": [],
            "id": "projects/ehes-gcp-poc/global/healthChecks/vm-health-check",
            "log_config": [
              {
                "enable": false
              }
            ],
            "name": "vm-health-check",
            "project": "ehes-gcp-poc",
            "self_link": "https://www.googleapis.com/compute/v1/projects/ehes-gcp-poc/global/healthChecks/vm-health-check",
            "source_regions": [],
            "ssl_health_check": [],
            "tcp_health_check": [],
            "timeout_sec": 5,
            "timeouts": null,
            "type": "HTTP",
            "unhealthy_threshold": 2
          },
          "sensitive_attributes": [],
          "private": "eyJlMmJmYjczMC1lY2FhLTExZTYtOGY4OC0zNDM2M2JjN2M0YzAiOnsiY3JlYXRlIjoxMjAwMDAwMDAwMDAwLCJkZWxldGUiOjEyMDAwMDAwMDAwMDAsInVwZGF0ZSI6MTIwMDAwMDAwMDAwMH19",
          "dependencies": [
            "module.vpc.google_compute_network.vpc",
            "module.vpc.google_compute_router.router",
            "module.vpc.google_compute_router_nat.nat",
            "module.vpc.google_compute_subnetwork.private_subnet_01",
            "module.vpc.google_compute_subnetwork.private_subnet_02",
            "module.vpc.google_compute_subnetwork.private_subnet_03",
            "module.vpc.google_compute_subnetwork.private_subnet_04",
            "module.vpc.google_compute_subnetwork.private_subnet_05",
            "module.vpc.google_compute_subnetwork.public_subnet"
          ]
        }
      ]
    },
    {
      "module": "module.load_balancers",
      "mode": "managed",
      "type": "google_compute_instance_group_manager",
      "name": "instance_group",
      "provider": "provider[\"registry.terraform.io/hashicorp/google\"]",
      "instances": [
        {
          "schema_version": 0,
          "attributes": {
            "all_instances_config": [],
            "auto_healing_policies": [],
            "base_instance_name": "mqtt-instance",
            "creation_timestamp": "2025-04-25T06:25:48.930-07:00",
            "description": "",
            "fingerprint": "6UMebVg7_bg=",
            "id": "projects/ehes-gcp-poc/zones/asia-southeast1-a/instanceGroupManagers/mqtt-instance-group",
            "instance_group": "https://www.googleapis.com/compute/v1/projects/ehes-gcp-poc/zones/asia-southeast1-a/instanceGroups/mqtt-instance-group",
            "instance_group_manager_id": 2927352808965813171,
            "instance_lifecycle_policy": [
              {
                "default_action_on_failure": "REPAIR",
                "force_update_on_repair": "NO"
              }
            ],
            "list_managed_instances_results": "PAGELESS",
            "name": "mqtt-instance-group",
            "named_port": [
              {
                "name": "http",
                "port": 80
              },
              {
                "name": "https",
                "port": 443
              }
            ],
            "operation": null,
            "project": "ehes-gcp-poc",
            "self_link": "https://www.googleapis.com/compute/v1/projects/ehes-gcp-poc/zones/asia-southeast1-a/instanceGroupManagers/mqtt-instance-group",
            "standby_policy": [
              {
                "initial_delay_sec": 0,
                "mode": "MANUAL"
              }
            ],
            "stateful_disk": [],
            "stateful_external_ip": [],
            "stateful_internal_ip": [],
            "status": [
              {
                "all_instances_config": [
                  {
                    "current_revision": "",
                    "effective": true
                  }
                ],
                "is_stable": true,
                "stateful": [
                  {
                    "has_stateful_config": false,
                    "per_instance_configs": [
                      {
                        "all_effective": true
                      }
                    ]
                  }
                ],
                "version_target": [
                  {
                    "is_reached": true
                  }
                ]
              }
            ],
            "target_pools": [],
            "target_size": 2,
            "target_stopped_size": 0,
            "target_suspended_size": 0,
            "timeouts": null,
            "update_policy": [
              {
                "max_surge_fixed": 1,
                "max_surge_percent": 0,
                "max_unavailable_fixed": 1,
                "max_unavailable_percent": 0,
                "minimal_action": "REPLACE",
                "most_disruptive_allowed_action": "",
                "replacement_method": "SUBSTITUTE",
                "type": "OPPORTUNISTIC"
              }
            ],
            "version": [
              {
                "instance_template": "https://www.googleapis.com/compute/v1/projects/ehes-gcp-poc/global/instanceTemplates/mqtt-template-20250425132540540200000001",
                "name": "",
                "target_size": []
              }
            ],
            "wait_for_instances": false,
            "wait_for_instances_status": "STABLE",
            "zone": "asia-southeast1-a"
          },
          "sensitive_attributes": [],
          "private": "eyJlMmJmYjczMC1lY2FhLTExZTYtOGY4OC0zNDM2M2JjN2M0YzAiOnsiY3JlYXRlIjo5MDAwMDAwMDAwMDAsImRlbGV0ZSI6OTAwMDAwMDAwMDAwLCJ1cGRhdGUiOjkwMDAwMDAwMDAwMH19",
          "dependencies": [
            "module.load_balancers.google_compute_instance_template.instance_template",
            "module.vpc.google_compute_network.vpc",
            "module.vpc.google_compute_router.router",
            "module.vpc.google_compute_router_nat.nat",
            "module.vpc.google_compute_subnetwork.private_subnet_01",
            "module.vpc.google_compute_subnetwork.private_subnet_02",
            "module.vpc.google_compute_subnetwork.private_subnet_03",
            "module.vpc.google_compute_subnetwork.private_subnet_04",
            "module.vpc.google_compute_subnetwork.private_subnet_05",
            "module.vpc.google_compute_subnetwork.public_subnet"
          ]
        }
      ]
    },
    {
      "module": "module.load_balancers",
      "mode": "managed",
      "type": "google_compute_instance_template",
      "name": "instance_template",
      "provider": "provider[\"registry.terraform.io/hashicorp/google\"]",
      "instances": [
        {
          "schema_version": 1,
          "attributes": {
            "advanced_machine_features": [],
            "can_ip_forward": false,
            "confidential_instance_config": [],
            "creation_timestamp": "2025-04-25T06:25:44.775-07:00",
            "description": "",
            "disk": [
              {
                "auto_delete": true,
                "boot": true,
                "device_name": "persistent-disk-0",
                "disk_encryption_key": [],
                "disk_name": "",
                "disk_size_gb": 0,
                "disk_type": "pd-standard",
                "interface": "SCSI",
                "labels": {},
                "mode": "READ_WRITE",
                "provisioned_iops": 0,
                "provisioned_throughput": 0,
                "resource_manager_tags": {},
                "resource_policies": [],
                "source": "",
                "source_image": "projects/debian-cloud/global/images/family/debian-11",
                "source_image_encryption_key": [],
                "source_snapshot": "",
                "source_snapshot_encryption_key": [],
                "type": "PERSISTENT"
              }
            ],
            "effective_labels": {
              "goog-terraform-provisioned": "true"
            },
            "guest_accelerator": [],
            "id": "projects/ehes-gcp-poc/global/instanceTemplates/mqtt-template-20250425132540540200000001",
            "instance_description": "",
            "key_revocation_action_type": "",
            "labels": {},
            "machine_type": "e2-medium",
            "metadata": {},
            "metadata_fingerprint": "JK0YLfY4jD8=",
            "metadata_startup_script": "#!/bin/bash\napt-get update\napt-get install -y mosquitto mosquitto-clients\n    \n# Configure Mosquitto\ncat \u003e /etc/mosquitto/conf.d/default.conf \u003c\u003c 'EOL'\nlistener 1883\nallow_anonymous true\n    \n# For MQTT over WebSockets (optional)\nlistener 9001\nprotocol websockets\nallow_anonymous true\nEOL\n    \nsystemctl restart mosquitto\nsystemctl enable mosquitto\n",
            "min_cpu_platform": "",
            "name": "mqtt-template-20250425132540540200000001",
            "name_prefix": "mqtt-template-",
            "network_interface": [
              {
                "access_config": [],
                "alias_ip_range": [],
                "internal_ipv6_prefix_length": 0,
                "ipv6_access_config": [],
                "ipv6_access_type": "",
                "ipv6_address": "",
                "name": "nic0",
                "network": "https://www.googleapis.com/compute/v1/projects/ehes-gcp-poc/global/networks/main-vpc",
                "network_ip": "",
                "nic_type": "",
                "queue_count": 0,
                "stack_type": "",
                "subnetwork": "https://www.googleapis.com/compute/v1/projects/ehes-gcp-poc/regions/asia-southeast1/subnetworks/private-subnet-03",
                "subnetwork_project": "ehes-gcp-poc"
              }
            ],
            "network_performance_config": [],
            "project": "ehes-gcp-poc",
            "region": "asia-southeast1",
            "reservation_affinity": [],
            "resource_manager_tags": null,
            "resource_policies": null,
            "scheduling": [
              {
                "automatic_restart": true,
                "availability_domain": 0,
                "instance_termination_action": "",
                "local_ssd_recovery_timeout": [],
                "max_run_duration": [],
                "min_node_cpus": 0,
                "node_affinities": [],
                "on_host_maintenance": "MIGRATE",
                "on_instance_stop_action": [],
                "preemptible": false,
                "provisioning_model": "STANDARD",
                "termination_time": ""
              }
            ],
            "self_link": "https://www.googleapis.com/compute/v1/projects/ehes-gcp-poc/global/instanceTemplates/mqtt-template-20250425132540540200000001",
            "self_link_unique": "https://www.googleapis.com/compute/v1/projects/ehes-gcp-poc/global/instanceTemplates/mqtt-template-20250425132540540200000001?uniqueId=5060607883149194171",
            "service_account": [],
            "shielded_instance_config": [],
            "tags": [
              "allow-health-check",
              "web-server"
            ],
            "tags_fingerprint": "",
            "terraform_labels": {
              "goog-terraform-provisioned": "true"
            },
            "timeouts": null
          },
          "sensitive_attributes": [],
          "private": "eyJlMmJmYjczMC1lY2FhLTExZTYtOGY4OC0zNDM2M2JjN2M0YzAiOnsiY3JlYXRlIjoyNDAwMDAwMDAwMDAsImRlbGV0ZSI6MjQwMDAwMDAwMDAwfSwic2NoZW1hX3ZlcnNpb24iOiIxIn0=",
          "dependencies": [
            "module.vpc.google_compute_network.vpc",
            "module.vpc.google_compute_router.router",
            "module.vpc.google_compute_router_nat.nat",
            "module.vpc.google_compute_subnetwork.private_subnet_01",
            "module.vpc.google_compute_subnetwork.private_subnet_02",
            "module.vpc.google_compute_subnetwork.private_subnet_03",
            "module.vpc.google_compute_subnetwork.private_subnet_04",
            "module.vpc.google_compute_subnetwork.private_subnet_05",
            "module.vpc.google_compute_subnetwork.public_subnet"
          ],
          "create_before_destroy": true
        }
      ]
    },
    {
      "module": "module.load_balancers",
      "mode": "managed",
      "type": "google_compute_region_backend_service",
      "name": "network_lb_backend",
      "provider": "provider[\"registry.terraform.io/hashicorp/google\"]",
      "instances": [
        {
          "schema_version": 1,
          "attributes": {
            "affinity_cookie_ttl_sec": 0,
            "backend": [
              {
                "balancing_mode": "CONNECTION",
                "capacity_scaler": 0,
                "custom_metrics": [],
                "description": "",
                "failover": false,
                "group": "https://www.googleapis.com/compute/v1/projects/ehes-gcp-poc/zones/asia-southeast1-a/instanceGroups/mqtt-instance-group",
                "max_connections": 0,
                "max_connections_per_endpoint": 0,
                "max_connections_per_instance": 0,
                "max_rate": 0,
                "max_rate_per_endpoint": 0,
                "max_rate_per_instance": 0,
                "max_utilization": 0
              }
            ],
            "cdn_policy": [],
            "circuit_breakers": [],
            "connection_draining_timeout_sec": 300,
            "consistent_hash": [],
            "creation_timestamp": "2025-04-25T06:26:10.455-07:00",
            "custom_metrics": [],
            "description": "",
            "enable_cdn": false,
            "failover_policy": [],
            "fingerprint": "Lj1dGvIIi1Y=",
            "generated_id": 5373468535238833053,
            "health_checks": [
              "https://www.googleapis.com/compute/v1/projects/ehes-gcp-poc/regions/asia-southeast1/healthChecks/network-lb-health-check"
            ],
            "iap": [],
            "id": "projects/ehes-gcp-poc/regions/asia-southeast1/backendServices/network-lb-backend",
            "ip_address_selection_policy": "",
            "load_balancing_scheme": "EXTERNAL",
            "locality_lb_policy": "",
            "log_config": [],
            "name": "network-lb-backend",
            "network": "",
            "outlier_detection": [],
            "port_name": "http",
            "project": "ehes-gcp-poc",
            "protocol": "TCP",
            "region": "asia-southeast1",
            "self_link": "https://www.googleapis.com/compute/v1/projects/ehes-gcp-poc/regions/asia-southeast1/backendServices/network-lb-backend",
            "session_affinity": "NONE",
            "strong_session_affinity_cookie": [],
            "timeout_sec": 30,
            "timeouts": null
          },
          "sensitive_attributes": [],
          "private": "eyJlMmJmYjczMC1lY2FhLTExZTYtOGY4OC0zNDM2M2JjN2M0YzAiOnsiY3JlYXRlIjoxMjAwMDAwMDAwMDAwLCJkZWxldGUiOjEyMDAwMDAwMDAwMDAsInVwZGF0ZSI6MTIwMDAwMDAwMDAwMH0sInNjaGVtYV92ZXJzaW9uIjoiMSJ9",
          "dependencies": [
            "module.load_balancers.google_compute_instance_group_manager.instance_group",
            "module.load_balancers.google_compute_instance_template.instance_template",
            "module.load_balancers.google_compute_region_health_check.network_lb_health_check",
            "module.vpc.google_compute_network.vpc",
            "module.vpc.google_compute_router.router",
            "module.vpc.google_compute_router_nat.nat",
            "module.vpc.google_compute_subnetwork.private_subnet_01",
            "module.vpc.google_compute_subnetwork.private_subnet_02",
            "module.vpc.google_compute_subnetwork.private_subnet_03",
            "module.vpc.google_compute_subnetwork.private_subnet_04",
            "module.vpc.google_compute_subnetwork.private_subnet_05",
            "module.vpc.google_compute_subnetwork.public_subnet"
          ]
        }
      ]
    },
    {
      "module": "module.load_balancers",
      "mode": "managed",
      "type": "google_compute_region_health_check",
      "name": "network_lb_health_check",
      "provider": "provider[\"registry.terraform.io/hashicorp/google\"]",
      "instances": [
        {
          "schema_version": 0,
          "attributes": {
            "check_interval_sec": 5,
            "creation_timestamp": "2025-04-25T06:25:40.086-07:00",
            "description": "",
            "grpc_health_check": [],
            "health_check_id": 1844720741965509564,
            "healthy_threshold": 4,
            "http2_health_check": [],
            "http_health_check": [],
            "https_health_check": [],
            "id": "projects/ehes-gcp-poc/regions/asia-southeast1/healthChecks/network-lb-health-check",
            "log_config": [
              {
                "enable": false
              }
            ],
            "name": "network-lb-health-check",
            "project": "ehes-gcp-poc",
            "region": "asia-southeast1",
            "self_link": "https://www.googleapis.com/compute/v1/projects/ehes-gcp-poc/regions/asia-southeast1/healthChecks/network-lb-health-check",
            "ssl_health_check": [],
            "tcp_health_check": [
              {
                "port": 80,
                "port_name": "",
                "port_specification": "",
                "proxy_header": "NONE",
                "request": "",
                "response": ""
              }
            ],
            "timeout_sec": 5,
            "timeouts": null,
            "type": "TCP",
            "unhealthy_threshold": 5
          },
          "sensitive_attributes": [],
          "private": "eyJlMmJmYjczMC1lY2FhLTExZTYtOGY4OC0zNDM2M2JjN2M0YzAiOnsiY3JlYXRlIjoxMjAwMDAwMDAwMDAwLCJkZWxldGUiOjEyMDAwMDAwMDAwMDAsInVwZGF0ZSI6MTIwMDAwMDAwMDAwMH19",
          "dependencies": [
            "module.vpc.google_compute_network.vpc",
            "module.vpc.google_compute_router.router",
            "module.vpc.google_compute_router_nat.nat",
            "module.vpc.google_compute_subnetwork.private_subnet_01",
            "module.vpc.google_compute_subnetwork.private_subnet_02",
            "module.vpc.google_compute_subnetwork.private_subnet_03",
            "module.vpc.google_compute_subnetwork.private_subnet_04",
            "module.vpc.google_compute_subnetwork.private_subnet_05",
            "module.vpc.google_compute_subnetwork.public_subnet"
          ]
        }
      ]
    },
    {
      "module": "module.load_balancers",
      "mode": "managed",
      "type": "google_compute_target_http_proxy",
      "name": "app_lb_proxy",
      "provider": "provider[\"registry.terraform.io/hashicorp/google\"]",
      "instances": [
        {
          "schema_version": 0,
          "attributes": {
            "creation_timestamp": "2025-04-25T06:26:29.811-07:00",
            "description": "",
            "http_keep_alive_timeout_sec": 0,
            "id": "projects/ehes-gcp-poc/global/targetHttpProxies/app-lb-proxy",
            "name": "app-lb-proxy",
            "project": "ehes-gcp-poc",
            "proxy_bind": false,
            "proxy_id": 7108111448481870698,
            "self_link": "https://www.googleapis.com/compute/v1/projects/ehes-gcp-poc/global/targetHttpProxies/app-lb-proxy",
            "timeouts": null,
            "url_map": "https://www.googleapis.com/compute/v1/projects/ehes-gcp-poc/global/urlMaps/app-lb-url-map"
          },
          "sensitive_attributes": [],
          "private": "eyJlMmJmYjczMC1lY2FhLTExZTYtOGY4OC0zNDM2M2JjN2M0YzAiOnsiY3JlYXRlIjoxMjAwMDAwMDAwMDAwLCJkZWxldGUiOjEyMDAwMDAwMDAwMDAsInVwZGF0ZSI6MTIwMDAwMDAwMDAwMH19",
          "dependencies": [
            "module.load_balancers.google_compute_backend_service.app_lb_backend",
            "module.load_balancers.google_compute_health_check.app_lb_health_check",
            "module.load_balancers.google_compute_url_map.app_lb_url_map",
            "module.vpc.google_compute_network.vpc",
            "module.vpc.google_compute_router.router",
            "module.vpc.google_compute_router_nat.nat",
            "module.vpc.google_compute_subnetwork.private_subnet_01",
            "module.vpc.google_compute_subnetwork.private_subnet_02",
            "module.vpc.google_compute_subnetwork.private_subnet_03",
            "module.vpc.google_compute_subnetwork.private_subnet_04",
            "module.vpc.google_compute_subnetwork.private_subnet_05",
            "module.vpc.google_compute_subnetwork.public_subnet"
          ]
        }
      ]
    },
    {
      "module": "module.load_balancers",
      "mode": "managed",
      "type": "google_compute_url_map",
      "name": "app_lb_url_map",
      "provider": "provider[\"registry.terraform.io/hashicorp/google\"]",
      "instances": [
        {
          "schema_version": 0,
          "attributes": {
            "creation_timestamp": "2025-04-25T06:26:16.946-07:00",
            "default_route_action": [],
            "default_service": "https://www.googleapis.com/compute/v1/projects/ehes-gcp-poc/global/backendServices/app-lb-backend",
            "default_url_redirect": [],
            "description": "",
            "fingerprint": "67OBG4daRZs=",
            "header_action": [],
            "host_rule": [],
            "id": "projects/ehes-gcp-poc/global/urlMaps/app-lb-url-map",
            "map_id": 324247584118289303,
            "name": "app-lb-url-map",
            "path_matcher": [],
            "project": "ehes-gcp-poc",
            "self_link": "https://www.googleapis.com/compute/v1/projects/ehes-gcp-poc/global/urlMaps/app-lb-url-map",
            "test": [],
            "timeouts": null
          },
          "sensitive_attributes": [],
          "private": "eyJlMmJmYjczMC1lY2FhLTExZTYtOGY4OC0zNDM2M2JjN2M0YzAiOnsiY3JlYXRlIjoxMjAwMDAwMDAwMDAwLCJkZWxldGUiOjEyMDAwMDAwMDAwMDAsInVwZGF0ZSI6MTIwMDAwMDAwMDAwMH19",
          "dependencies": [
            "module.load_balancers.google_compute_backend_service.app_lb_backend",
            "module.load_balancers.google_compute_health_check.app_lb_health_check",
            "module.vpc.google_compute_network.vpc",
            "module.vpc.google_compute_router.router",
            "module.vpc.google_compute_router_nat.nat",
            "module.vpc.google_compute_subnetwork.private_subnet_01",
            "module.vpc.google_compute_subnetwork.private_subnet_02",
            "module.vpc.google_compute_subnetwork.private_subnet_03",
            "module.vpc.google_compute_subnetwork.private_subnet_04",
            "module.vpc.google_compute_subnetwork.private_subnet_05",
            "module.vpc.google_compute_subnetwork.public_subnet"
          ]
        }
      ]
    },
    {
      "module": "module.security",
      "mode": "managed",
      "type": "google_compute_security_policy",
      "name": "cloud_armor",
      "provider": "provider[\"registry.terraform.io/hashicorp/google\"]",
      "instances": [
        {
          "schema_version": 0,
          "attributes": {
            "adaptive_protection_config": [],
            "advanced_options_config": [],
            "description": "Cloud Armor security policy",
            "fingerprint": "xBCz5-5XiW4=",
            "id": "projects/ehes-gcp-poc/global/securityPolicies/my-cloud-armor-policy",
            "name": "my-cloud-armor-policy",
            "project": "ehes-gcp-poc",
            "recaptcha_options_config": [],
            "rule": [
              {
                "action": "allow",
                "description": "Allow all traffic",
                "header_action": [],
                "match": [
                  {
                    "config": [
                      {
                        "src_ip_ranges": [
                          "0.0.0.0/0"
                        ]
                      }
                    ],
                    "expr": [],
                    "expr_options": [],
                    "versioned_expr": "SRC_IPS_V1"
                  }
                ],
                "preconfigured_waf_config": [],
                "preview": false,
                "priority": 1000,
                "rate_limit_options": [],
                "redirect_options": []
              },
              {
                "action": "deny(403)",
                "description": "Default deny rule",
                "header_action": [],
                "match": [
                  {
                    "config": [
                      {
                        "src_ip_ranges": [
                          "*"
                        ]
                      }
                    ],
                    "expr": [],
                    "expr_options": [],
                    "versioned_expr": "SRC_IPS_V1"
                  }
                ],
                "preconfigured_waf_config": [],
                "preview": false,
                "priority": 2147483647,
                "rate_limit_options": [],
                "redirect_options": []
              }
            ],
            "self_link": "https://www.googleapis.com/compute/v1/projects/ehes-gcp-poc/global/securityPolicies/my-cloud-armor-policy",
            "timeouts": null,
            "type": "CLOUD_ARMOR"
          },
          "sensitive_attributes": [],
          "private": "eyJlMmJmYjczMC1lY2FhLTExZTYtOGY4OC0zNDM2M2JjN2M0YzAiOnsiY3JlYXRlIjoxODAwMDAwMDAwMDAwLCJkZWxldGUiOjE4MDAwMDAwMDAwMDAsInVwZGF0ZSI6MTgwMDAwMDAwMDAwMH19",
          "dependencies": [
            "module.vpc.google_compute_network.vpc",
            "module.vpc.google_compute_router.router",
            "module.vpc.google_compute_router_nat.nat",
            "module.vpc.google_compute_subnetwork.private_subnet_01",
            "module.vpc.google_compute_subnetwork.private_subnet_02",
            "module.vpc.google_compute_subnetwork.private_subnet_03",
            "module.vpc.google_compute_subnetwork.private_subnet_04",
            "module.vpc.google_compute_subnetwork.private_subnet_05",
            "module.vpc.google_compute_subnetwork.public_subnet"
          ]
        }
      ]
    },
    {
      "module": "module.security",
      "mode": "managed",
      "type": "google_service_account",
      "name": "service_account",
      "provider": "provider[\"registry.terraform.io/hashicorp/google\"]",
      "instances": [
        {
          "schema_version": 0,
          "attributes": {
            "account_id": "my-service-account",
            "create_ignore_already_exists": null,
            "description": "",
            "disabled": false,
            "display_name": "Service Account for GCP Resources",
            "email": "my-service-account@ehes-gcp-poc.iam.gserviceaccount.com",
            "id": "projects/ehes-gcp-poc/serviceAccounts/my-service-account@ehes-gcp-poc.iam.gserviceaccount.com",
            "member": "serviceAccount:my-service-account@ehes-gcp-poc.iam.gserviceaccount.com",
            "name": "projects/ehes-gcp-poc/serviceAccounts/my-service-account@ehes-gcp-poc.iam.gserviceaccount.com",
            "project": "ehes-gcp-poc",
            "timeouts": null,
            "unique_id": "112356162989368673963"
          },
          "sensitive_attributes": [],
          "private": "eyJlMmJmYjczMC1lY2FhLTExZTYtOGY4OC0zNDM2M2JjN2M0YzAiOnsiY3JlYXRlIjozMDAwMDAwMDAwMDB9fQ==",
          "dependencies": [
            "module.vpc.google_compute_network.vpc",
            "module.vpc.google_compute_router.router",
            "module.vpc.google_compute_router_nat.nat",
            "module.vpc.google_compute_subnetwork.private_subnet_01",
            "module.vpc.google_compute_subnetwork.private_subnet_02",
            "module.vpc.google_compute_subnetwork.private_subnet_03",
            "module.vpc.google_compute_subnetwork.private_subnet_04",
            "module.vpc.google_compute_subnetwork.private_subnet_05",
            "module.vpc.google_compute_subnetwork.public_subnet"
          ]
        }
      ]
    },
    {
      "module": "module.vpc",
      "mode": "managed",
      "type": "google_compute_network",
      "name": "vpc",
      "provider": "provider[\"registry.terraform.io/hashicorp/google\"]",
      "instances": [
        {
          "schema_version": 0,
          "attributes": {
            "auto_create_subnetworks": false,
            "bgp_always_compare_med": false,
            "bgp_best_path_selection_mode": "LEGACY",
            "bgp_inter_region_cost": "",
            "delete_default_routes_on_create": false,
            "description": "",
            "enable_ula_internal_ipv6": false,
            "gateway_ipv4": "",
            "id": "projects/ehes-gcp-poc/global/networks/main-vpc",
            "internal_ipv6_range": "",
            "mtu": 0,
            "name": "main-vpc",
            "network_firewall_policy_enforcement_order": "AFTER_CLASSIC_FIREWALL",
            "network_id": "8681620224004801431",
            "network_profile": "",
            "numeric_id": "8681620224004801431",
            "project": "ehes-gcp-poc",
            "routing_mode": "REGIONAL",
            "self_link": "https://www.googleapis.com/compute/v1/projects/ehes-gcp-poc/global/networks/main-vpc",
            "timeouts": null
          },
          "sensitive_attributes": [],
          "private": "eyJlMmJmYjczMC1lY2FhLTExZTYtOGY4OC0zNDM2M2JjN2M0YzAiOnsiY3JlYXRlIjoxMjAwMDAwMDAwMDAwLCJkZWxldGUiOjEyMDAwMDAwMDAwMDAsInVwZGF0ZSI6MTIwMDAwMDAwMDAwMH19",
          "create_before_destroy": true
        }
      ]
    },
    {
      "module": "module.vpc",
      "mode": "managed",
      "type": "google_compute_router",
      "name": "router",
      "provider": "provider[\"registry.terraform.io/hashicorp/google\"]",
      "instances": [
        {
          "schema_version": 0,
          "attributes": {
            "bgp": [
              {
                "advertise_mode": "DEFAULT",
                "advertised_groups": [],
                "advertised_ip_ranges": [],
                "asn": 65001,
                "identifier_range": "",
                "keepalive_interval": 20
              }
            ],
            "creation_timestamp": "2025-04-24T20:12:15.864-07:00",
            "description": "",
            "encrypted_interconnect_router": false,
            "id": "projects/ehes-gcp-poc/regions/asia-southeast1/routers/nat-router",
            "md5_authentication_keys": [],
            "name": "nat-router",
            "network": "https://www.googleapis.com/compute/v1/projects/ehes-gcp-poc/global/networks/main-vpc",
            "project": "ehes-gcp-poc",
            "region": "asia-southeast1",
            "self_link": "https://www.googleapis.com/compute/v1/projects/ehes-gcp-poc/regions/asia-southeast1/routers/nat-router",
            "timeouts": null
          },
          "sensitive_attributes": [],
          "private": "eyJlMmJmYjczMC1lY2FhLTExZTYtOGY4OC0zNDM2M2JjN2M0YzAiOnsiY3JlYXRlIjoxMjAwMDAwMDAwMDAwLCJkZWxldGUiOjEyMDAwMDAwMDAwMDAsInVwZGF0ZSI6MTIwMDAwMDAwMDAwMH19",
          "dependencies": [
            "module.vpc.google_compute_network.vpc"
          ],
          "create_before_destroy": true
        }
      ]
    },
    {
      "module": "module.vpc",
      "mode": "managed",
      "type": "google_compute_router_nat",
      "name": "nat",
      "provider": "provider[\"registry.terraform.io/hashicorp/google\"]",
      "instances": [
        {
          "schema_version": 0,
          "attributes": {
            "auto_network_tier": "PREMIUM",
            "drain_nat_ips": [],
            "enable_dynamic_port_allocation": false,
            "enable_endpoint_independent_mapping": false,
            "endpoint_types": [
              "ENDPOINT_TYPE_VM"
            ],
            "icmp_idle_timeout_sec": 30,
            "id": "ehes-gcp-poc/asia-southeast1/nat-router/nat-gateway-config",
            "initial_nat_ips": null,
            "log_config": [
              {
                "enable": false,
                "filter": "ALL"
              }
            ],
            "max_ports_per_vm": 0,
            "min_ports_per_vm": 64,
            "name": "nat-gateway-config",
            "nat_ip_allocate_option": "AUTO_ONLY",
            "nat_ips": [],
            "project": "ehes-gcp-poc",
            "region": "asia-southeast1",
            "router": "nat-router",
            "rules": [],
            "source_subnetwork_ip_ranges_to_nat": "ALL_SUBNETWORKS_ALL_IP_RANGES",
            "subnetwork": [],
            "tcp_established_idle_timeout_sec": 1200,
            "tcp_time_wait_timeout_sec": 120,
            "tcp_transitory_idle_timeout_sec": 30,
            "timeouts": null,
            "type": "PUBLIC",
            "udp_idle_timeout_sec": 30
          },
          "sensitive_attributes": [],
          "private": "eyJlMmJmYjczMC1lY2FhLTExZTYtOGY4OC0zNDM2M2JjN2M0YzAiOnsiY3JlYXRlIjoxMjAwMDAwMDAwMDAwLCJkZWxldGUiOjEyMDAwMDAwMDAwMDAsInVwZGF0ZSI6MTIwMDAwMDAwMDAwMH19",
          "dependencies": [
            "module.vpc.google_compute_network.vpc",
            "module.vpc.google_compute_router.router"
          ],
          "create_before_destroy": true
        }
      ]
    },
    {
      "module": "module.vpc",
      "mode": "managed",
      "type": "google_compute_subnetwork",
      "name": "private_subnet_01",
      "provider": "provider[\"registry.terraform.io/hashicorp/google\"]",
      "instances": [
        {
          "schema_version": 0,
          "attributes": {
            "creation_timestamp": "2025-04-24T20:12:16.535-07:00",
            "description": "",
            "enable_flow_logs": true,
            "external_ipv6_prefix": "",
            "fingerprint": null,
            "gateway_address": "10.0.1.1",
            "id": "projects/ehes-gcp-poc/regions/asia-southeast1/subnetworks/private-subnet",
            "internal_ipv6_prefix": "",
            "ip_cidr_range": "10.0.1.0/24",
            "ip_collection": null,
            "ipv6_access_type": "",
            "ipv6_cidr_range": "",
            "ipv6_gce_endpoint": "",
            "log_config": [
              {
                "aggregation_interval": "INTERVAL_10_MIN",
                "filter_expr": "true",
                "flow_sampling": 0.5,
                "metadata": "INCLUDE_ALL_METADATA",
                "metadata_fields": []
              }
            ],
            "name": "private-subnet",
            "network": "https://www.googleapis.com/compute/v1/projects/ehes-gcp-poc/global/networks/main-vpc",
            "private_ip_google_access": true,
            "private_ipv6_google_access": "DISABLE_GOOGLE_ACCESS",
            "project": "ehes-gcp-poc",
            "purpose": "PRIVATE",
            "region": "asia-southeast1",
            "reserved_internal_range": "",
            "role": "",
            "secondary_ip_range": [],
            "self_link": "https://www.googleapis.com/compute/v1/projects/ehes-gcp-poc/regions/asia-southeast1/subnetworks/private-subnet",
            "send_secondary_ip_range_if_empty": null,
            "stack_type": "IPV4_ONLY",
            "state": "",
            "subnetwork_id": 5966141586493883263,
            "timeouts": null
          },
          "sensitive_attributes": [],
          "private": "eyJlMmJmYjczMC1lY2FhLTExZTYtOGY4OC0zNDM2M2JjN2M0YzAiOnsiY3JlYXRlIjoxMjAwMDAwMDAwMDAwLCJkZWxldGUiOjEyMDAwMDAwMDAwMDAsInVwZGF0ZSI6MTIwMDAwMDAwMDAwMH19",
          "dependencies": [
            "module.vpc.google_compute_network.vpc"
          ],
          "create_before_destroy": true
        }
      ]
    },
    {
      "module": "module.vpc",
      "mode": "managed",
      "type": "google_compute_subnetwork",
      "name": "private_subnet_02",
      "provider": "provider[\"registry.terraform.io/hashicorp/google\"]",
      "instances": [
        {
          "schema_version": 0,
          "attributes": {
            "creation_timestamp": "2025-04-24T20:12:16.561-07:00",
            "description": "",
            "enable_flow_logs": true,
            "external_ipv6_prefix": "",
            "fingerprint": null,
            "gateway_address": "10.0.2.1",
            "id": "projects/ehes-gcp-poc/regions/asia-southeast1/subnetworks/private-subnet-02",
            "internal_ipv6_prefix": "",
            "ip_cidr_range": "10.0.2.0/24",
            "ip_collection": null,
            "ipv6_access_type": "",
            "ipv6_cidr_range": "",
            "ipv6_gce_endpoint": "",
            "log_config": [
              {
                "aggregation_interval": "INTERVAL_10_MIN",
                "filter_expr": "true",
                "flow_sampling": 0.5,
                "metadata": "INCLUDE_ALL_METADATA",
                "metadata_fields": []
              }
            ],
            "name": "private-subnet-02",
            "network": "https://www.googleapis.com/compute/v1/projects/ehes-gcp-poc/global/networks/main-vpc",
            "private_ip_google_access": true,
            "private_ipv6_google_access": "DISABLE_GOOGLE_ACCESS",
            "project": "ehes-gcp-poc",
            "purpose": "PRIVATE",
            "region": "asia-southeast1",
            "reserved_internal_range": "",
            "role": "",
            "secondary_ip_range": [],
            "self_link": "https://www.googleapis.com/compute/v1/projects/ehes-gcp-poc/regions/asia-southeast1/subnetworks/private-subnet-02",
            "send_secondary_ip_range_if_empty": null,
            "stack_type": "IPV4_ONLY",
            "state": "",
            "subnetwork_id": 4928516619227317119,
            "timeouts": null
          },
          "sensitive_attributes": [],
          "private": "eyJlMmJmYjczMC1lY2FhLTExZTYtOGY4OC0zNDM2M2JjN2M0YzAiOnsiY3JlYXRlIjoxMjAwMDAwMDAwMDAwLCJkZWxldGUiOjEyMDAwMDAwMDAwMDAsInVwZGF0ZSI6MTIwMDAwMDAwMDAwMH19",
          "dependencies": [
            "module.vpc.google_compute_network.vpc"
          ],
          "create_before_destroy": true
        }
      ]
    },
    {
      "module": "module.vpc",
      "mode": "managed",
      "type": "google_compute_subnetwork",
      "name": "private_subnet_03",
      "provider": "provider[\"registry.terraform.io/hashicorp/google\"]",
      "instances": [
        {
          "schema_version": 0,
          "attributes": {
            "creation_timestamp": "2025-04-24T20:12:16.505-07:00",
            "description": "",
            "enable_flow_logs": true,
            "external_ipv6_prefix": "",
            "fingerprint": null,
            "gateway_address": "10.0.3.1",
            "id": "projects/ehes-gcp-poc/regions/asia-southeast1/subnetworks/private-subnet-03",
            "internal_ipv6_prefix": "",
            "ip_cidr_range": "10.0.3.0/24",
            "ip_collection": null,
            "ipv6_access_type": "",
            "ipv6_cidr_range": "",
            "ipv6_gce_endpoint": "",
            "log_config": [
              {
                "aggregation_interval": "INTERVAL_10_MIN",
                "filter_expr": "true",
                "flow_sampling": 0.5,
                "metadata": "INCLUDE_ALL_METADATA",
                "metadata_fields": []
              }
            ],
            "name": "private-subnet-03",
            "network": "https://www.googleapis.com/compute/v1/projects/ehes-gcp-poc/global/networks/main-vpc",
            "private_ip_google_access": true,
            "private_ipv6_google_access": "DISABLE_GOOGLE_ACCESS",
            "project": "ehes-gcp-poc",
            "purpose": "PRIVATE",
            "region": "asia-southeast1",
            "reserved_internal_range": "",
            "role": "",
            "secondary_ip_range": [],
            "self_link": "https://www.googleapis.com/compute/v1/projects/ehes-gcp-poc/regions/asia-southeast1/subnetworks/private-subnet-03",
            "send_secondary_ip_range_if_empty": null,
            "stack_type": "IPV4_ONLY",
            "state": "",
            "subnetwork_id": 6980252307894518655,
            "timeouts": null
          },
          "sensitive_attributes": [],
          "private": "eyJlMmJmYjczMC1lY2FhLTExZTYtOGY4OC0zNDM2M2JjN2M0YzAiOnsiY3JlYXRlIjoxMjAwMDAwMDAwMDAwLCJkZWxldGUiOjEyMDAwMDAwMDAwMDAsInVwZGF0ZSI6MTIwMDAwMDAwMDAwMH19",
          "dependencies": [
            "module.vpc.google_compute_network.vpc"
          ],
          "create_before_destroy": true
        }
      ]
    },
    {
      "module": "module.vpc",
      "mode": "managed",
      "type": "google_compute_subnetwork",
      "name": "private_subnet_04",
      "provider": "provider[\"registry.terraform.io/hashicorp/google\"]",
      "instances": [
        {
          "schema_version": 0,
          "attributes": {
            "creation_timestamp": "2025-04-24T20:12:16.727-07:00",
            "description": "",
            "enable_flow_logs": true,
            "external_ipv6_prefix": "",
            "fingerprint": null,
            "gateway_address": "10.0.4.1",
            "id": "projects/ehes-gcp-poc/regions/asia-southeast1/subnetworks/private-subnet-04",
            "internal_ipv6_prefix": "",
            "ip_cidr_range": "10.0.4.0/24",
            "ip_collection": null,
            "ipv6_access_type": "",
            "ipv6_cidr_range": "",
            "ipv6_gce_endpoint": "",
            "log_config": [
              {
                "aggregation_interval": "INTERVAL_10_MIN",
                "filter_expr": "true",
                "flow_sampling": 0.5,
                "metadata": "INCLUDE_ALL_METADATA",
                "metadata_fields": []
              }
            ],
            "name": "private-subnet-04",
            "network": "https://www.googleapis.com/compute/v1/projects/ehes-gcp-poc/global/networks/main-vpc",
            "private_ip_google_access": true,
            "private_ipv6_google_access": "DISABLE_GOOGLE_ACCESS",
            "project": "ehes-gcp-poc",
            "purpose": "PRIVATE",
            "region": "asia-southeast1",
            "reserved_internal_range": "",
            "role": "",
            "secondary_ip_range": [
              {
                "ip_cidr_range": "20.1.0.0/16",
                "range_name": "k8s-pods",
                "reserved_internal_range": ""
              },
              {
                "ip_cidr_range": "20.2.0.0/16",
                "range_name": "k8s-services",
                "reserved_internal_range": ""
              }
            ],
            "self_link": "https://www.googleapis.com/compute/v1/projects/ehes-gcp-poc/regions/asia-southeast1/subnetworks/private-subnet-04",
            "send_secondary_ip_range_if_empty": null,
            "stack_type": "IPV4_ONLY",
            "state": "",
            "subnetwork_id": 219075916782322559,
            "timeouts": null
          },
          "sensitive_attributes": [],
          "private": "eyJlMmJmYjczMC1lY2FhLTExZTYtOGY4OC0zNDM2M2JjN2M0YzAiOnsiY3JlYXRlIjoxMjAwMDAwMDAwMDAwLCJkZWxldGUiOjEyMDAwMDAwMDAwMDAsInVwZGF0ZSI6MTIwMDAwMDAwMDAwMH19",
          "dependencies": [
            "module.vpc.google_compute_network.vpc"
          ],
          "create_before_destroy": true
        }
      ]
    },
    {
      "module": "module.vpc",
      "mode": "managed",
      "type": "google_compute_subnetwork",
      "name": "private_subnet_05",
      "provider": "provider[\"registry.terraform.io/hashicorp/google\"]",
      "instances": [
        {
          "schema_version": 0,
          "attributes": {
            "creation_timestamp": "2025-04-24T20:12:16.768-07:00",
            "description": "",
            "enable_flow_logs": true,
            "external_ipv6_prefix": "",
            "fingerprint": null,
            "gateway_address": "10.0.5.1",
            "id": "projects/ehes-gcp-poc/regions/asia-southeast1/subnetworks/private-subnet-05",
            "internal_ipv6_prefix": "",
            "ip_cidr_range": "10.0.5.0/24",
            "ip_collection": null,
            "ipv6_access_type": "",
            "ipv6_cidr_range": "",
            "ipv6_gce_endpoint": "",
            "log_config": [
              {
                "aggregation_interval": "INTERVAL_10_MIN",
                "filter_expr": "true",
                "flow_sampling": 0.5,
                "metadata": "INCLUDE_ALL_METADATA",
                "metadata_fields": []
              }
            ],
            "name": "private-subnet-05",
            "network": "https://www.googleapis.com/compute/v1/projects/ehes-gcp-poc/global/networks/main-vpc",
            "private_ip_google_access": true,
            "private_ipv6_google_access": "DISABLE_GOOGLE_ACCESS",
            "project": "ehes-gcp-poc",
            "purpose": "PRIVATE",
            "region": "asia-southeast1",
            "reserved_internal_range": "",
            "role": "",
            "secondary_ip_range": [],
            "self_link": "https://www.googleapis.com/compute/v1/projects/ehes-gcp-poc/regions/asia-southeast1/subnetworks/private-subnet-05",
            "send_secondary_ip_range_if_empty": null,
            "stack_type": "IPV4_ONLY",
            "state": "",
            "subnetwork_id": 6947842368714785663,
            "timeouts": null
          },
          "sensitive_attributes": [],
          "private": "eyJlMmJmYjczMC1lY2FhLTExZTYtOGY4OC0zNDM2M2JjN2M0YzAiOnsiY3JlYXRlIjoxMjAwMDAwMDAwMDAwLCJkZWxldGUiOjEyMDAwMDAwMDAwMDAsInVwZGF0ZSI6MTIwMDAwMDAwMDAwMH19",
          "dependencies": [
            "module.vpc.google_compute_network.vpc"
          ],
          "create_before_destroy": true
        }
      ]
    },
    {
      "module": "module.vpc",
      "mode": "managed",
      "type": "google_compute_subnetwork",
      "name": "public_subnet",
      "provider": "provider[\"registry.terraform.io/hashicorp/google\"]",
      "instances": [
        {
          "schema_version": 0,
          "attributes": {
            "creation_timestamp": "2025-04-24T20:12:16.547-07:00",
            "description": "",
            "enable_flow_logs": false,
            "external_ipv6_prefix": "",
            "fingerprint": null,
            "gateway_address": "10.0.0.1",
            "id": "projects/ehes-gcp-poc/regions/asia-southeast1/subnetworks/public-subnet",
            "internal_ipv6_prefix": "",
            "ip_cidr_range": "10.0.0.0/24",
            "ip_collection": null,
            "ipv6_access_type": "",
            "ipv6_cidr_range": "",
            "ipv6_gce_endpoint": "",
            "log_config": [],
            "name": "public-subnet",
            "network": "https://www.googleapis.com/compute/v1/projects/ehes-gcp-poc/global/networks/main-vpc",
            "private_ip_google_access": false,
            "private_ipv6_google_access": "DISABLE_GOOGLE_ACCESS",
            "project": "ehes-gcp-poc",
            "purpose": "PRIVATE",
            "region": "asia-southeast1",
            "reserved_internal_range": "",
            "role": "",
            "secondary_ip_range": [],
            "self_link": "https://www.googleapis.com/compute/v1/projects/ehes-gcp-poc/regions/asia-southeast1/subnetworks/public-subnet",
            "send_secondary_ip_range_if_empty": null,
            "stack_type": "IPV4_ONLY",
            "state": "",
            "subnetwork_id": 1779234022688768895,
            "timeouts": null
          },
          "sensitive_attributes": [],
          "private": "eyJlMmJmYjczMC1lY2FhLTExZTYtOGY4OC0zNDM2M2JjN2M0YzAiOnsiY3JlYXRlIjoxMjAwMDAwMDAwMDAwLCJkZWxldGUiOjEyMDAwMDAwMDAwMDAsInVwZGF0ZSI6MTIwMDAwMDAwMDAwMH19",
          "dependencies": [
            "module.vpc.google_compute_network.vpc"
          ],
          "create_before_destroy": true
        }
      ]
    }
  ],
  "check_results": null
}
